// !$*UTF8*$!
{
	archiveVersion = 1;
	classes = {
	};
	objectVersion = 52;
	objects = {

/* Begin PBXBuildFile section */
		83B37A0FE33036275E7AFD00 /* Pods_wallet.framework in Frameworks */ = {isa = PBXBuildFile; fileRef = F6ECC3636D4794E596A2DAD6 /* Pods_wallet.framework */; };
		9B6B1DDCE9D7CA68C84F3EA7 /* Pods_walletTests.framework in Frameworks */ = {isa = PBXBuildFile; fileRef = 072AFC0536BAEF726161A0E2 /* Pods_walletTests.framework */; };
		AF0AF4562642E066007E5202 /* AddressWrapper.swift in Sources */ = {isa = PBXBuildFile; fileRef = AF0AF4552642E066007E5202 /* AddressWrapper.swift */; };
		AF0AF46126432018007E5202 /* Bech32.swift in Sources */ = {isa = PBXBuildFile; fileRef = AF0AF46026432018007E5202 /* Bech32.swift */; };
		AF0AF466264321F0007E5202 /* RIPEMD160.swift in Sources */ = {isa = PBXBuildFile; fileRef = AF0AF465264321F0007E5202 /* RIPEMD160.swift */; };
		AF5C50012648819E00D0B7B9 /* bls_framework in Frameworks */ = {isa = PBXBuildFile; productRef = AF5C50002648819E00D0B7B9 /* bls_framework */; };
		AF615480264088900070410C /* LoginView.swift in Sources */ = {isa = PBXBuildFile; fileRef = AF61547F264088900070410C /* LoginView.swift */; };
		AF615485264089230070410C /* CreateWalletView.swift in Sources */ = {isa = PBXBuildFile; fileRef = AF615484264089230070410C /* CreateWalletView.swift */; };
		AF6154922640898B0070410C /* RecoverWalletView.swift in Sources */ = {isa = PBXBuildFile; fileRef = AF6154912640898B0070410C /* RecoverWalletView.swift */; };
		AF990C662641650A00DF8730 /* BLS.swift in Sources */ = {isa = PBXBuildFile; fileRef = AF990C652641650A00DF8730 /* BLS.swift */; };
		AF990C6C26416E5F00DF8730 /* CryptoSwift in Frameworks */ = {isa = PBXBuildFile; productRef = AF990C6B26416E5F00DF8730 /* CryptoSwift */; };
		AFAC849D2652CEB20065928F /* UserLoginViewModelTests.swift in Sources */ = {isa = PBXBuildFile; fileRef = AFAC849C2652CEB20065928F /* UserLoginViewModelTests.swift */; };
		AFAC84A3265309950065928F /* AppErrorException.swift in Sources */ = {isa = PBXBuildFile; fileRef = AFAC84A2265309950065928F /* AppErrorException.swift */; };
		AFAEA2F226598AF80064749F /* Transaction.swift in Sources */ = {isa = PBXBuildFile; fileRef = AFAEA2F126598AF80064749F /* Transaction.swift */; };
		AFB582882651B49B00E1567C /* KeychainWrapper.swift in Sources */ = {isa = PBXBuildFile; fileRef = AFB582872651B49B00E1567C /* KeychainWrapper.swift */; };
		AFB582912651B5E800E1567C /* keychainTests.swift in Sources */ = {isa = PBXBuildFile; fileRef = AFB582902651B5E800E1567C /* keychainTests.swift */; };
		AFBFD9D82641E25F004A8D86 /* Mnemonic.swift in Sources */ = {isa = PBXBuildFile; fileRef = AFBFD9D72641E25F004A8D86 /* Mnemonic.swift */; };
		AFD9E652265AF1DA008BE050 /* APIService.swift in Sources */ = {isa = PBXBuildFile; fileRef = AFD9E651265AF1DA008BE050 /* APIService.swift */; };
		AFD9E657265AF2ED008BE050 /* Address.swift in Sources */ = {isa = PBXBuildFile; fileRef = AFD9E656265AF2ED008BE050 /* Address.swift */; };
		AFD9E65D265AF6DA008BE050 /* AddressViewModel.swift in Sources */ = {isa = PBXBuildFile; fileRef = AFD9E65C265AF6DA008BE050 /* AddressViewModel.swift */; };
		AFD9E661265AF9B9008BE050 /* BalanceViewModel.swift in Sources */ = {isa = PBXBuildFile; fileRef = AFD9E660265AF9B9008BE050 /* BalanceViewModel.swift */; };
		AFDDB9202644650E00565346 /* UserLoginViewModel.swift in Sources */ = {isa = PBXBuildFile; fileRef = AFDDB91F2644650E00565346 /* UserLoginViewModel.swift */; };
		AFDDB9252644677200565346 /* WalletViewModel.swift in Sources */ = {isa = PBXBuildFile; fileRef = AFDDB9242644677200565346 /* WalletViewModel.swift */; };
		AFDDB9322644709100565346 /* DashboardView.swift in Sources */ = {isa = PBXBuildFile; fileRef = AFDDB9312644709100565346 /* DashboardView.swift */; };
		AFDDB9372644772200565346 /* cryptoGraphyTests.swift in Sources */ = {isa = PBXBuildFile; fileRef = AFDDB9362644772200565346 /* cryptoGraphyTests.swift */; };
		AFDDB93C26447FCE00565346 /* extentionTests.swift in Sources */ = {isa = PBXBuildFile; fileRef = AFDDB93B26447FCE00565346 /* extentionTests.swift */; };
		AFDDB9422644800E00565346 /* Ext+Data.swift in Sources */ = {isa = PBXBuildFile; fileRef = AFDDB9412644800E00565346 /* Ext+Data.swift */; };
		AFDDB95F2644849D00565346 /* MnemonicTests.swift in Sources */ = {isa = PBXBuildFile; fileRef = AFDDB95E2644849D00565346 /* MnemonicTests.swift */; };
		AFE2BDDE26598DCC00FDD105 /* CBORWrapper.swift in Sources */ = {isa = PBXBuildFile; fileRef = AFE2BDDD26598DCC00FDD105 /* CBORWrapper.swift */; };
		AFE2BDE226598F7000FDD105 /* SendPayload.swift in Sources */ = {isa = PBXBuildFile; fileRef = AFE2BDE126598F7000FDD105 /* SendPayload.swift */; };
		AFE2BDE62659908B00FDD105 /* BondPayload.swift in Sources */ = {isa = PBXBuildFile; fileRef = AFE2BDE52659908B00FDD105 /* BondPayload.swift */; };
		AFE2BDEA2659912A00FDD105 /* SortitionPayload.swift in Sources */ = {isa = PBXBuildFile; fileRef = AFE2BDE92659912A00FDD105 /* SortitionPayload.swift */; };
		AFE2BDF42659A02600FDD105 /* NewTransaction.swift in Sources */ = {isa = PBXBuildFile; fileRef = AFE2BDF32659A02600FDD105 /* NewTransaction.swift */; };
		AFE2BDFC2659A15400FDD105 /* TransactionViewModel.swift in Sources */ = {isa = PBXBuildFile; fileRef = AFE2BDFB2659A15400FDD105 /* TransactionViewModel.swift */; };
		AFE5616C265BFD07007E38ED /* BlockChainHeight.swift in Sources */ = {isa = PBXBuildFile; fileRef = AFE5616B265BFD07007E38ED /* BlockChainHeight.swift */; };
		AFE56171265C229D007E38ED /* Block.swift in Sources */ = {isa = PBXBuildFile; fileRef = AFE56170265C229D007E38ED /* Block.swift */; };
		AFE56175265C22A3007E38ED /* Header.swift in Sources */ = {isa = PBXBuildFile; fileRef = AFE56174265C22A3007E38ED /* Header.swift */; };
		AFE56179265C22A9007E38ED /* LastCertificate.swift in Sources */ = {isa = PBXBuildFile; fileRef = AFE56178265C22A9007E38ED /* LastCertificate.swift */; };
		AFE5617D265C22AE007E38ED /* TxIDs.swift in Sources */ = {isa = PBXBuildFile; fileRef = AFE5617C265C22AE007E38ED /* TxIDs.swift */; };
		AFE56181265C22C4007E38ED /* BlockChainHash.swift in Sources */ = {isa = PBXBuildFile; fileRef = AFE56180265C22C4007E38ED /* BlockChainHash.swift */; };
		AFF6FC462640845900B80F5A /* walletApp.swift in Sources */ = {isa = PBXBuildFile; fileRef = AFF6FC452640845900B80F5A /* walletApp.swift */; };
		AFF6FC482640845900B80F5A /* ContentView.swift in Sources */ = {isa = PBXBuildFile; fileRef = AFF6FC472640845900B80F5A /* ContentView.swift */; };
		AFF6FC4A2640845B00B80F5A /* Assets.xcassets in Resources */ = {isa = PBXBuildFile; fileRef = AFF6FC492640845B00B80F5A /* Assets.xcassets */; };
		AFF6FC4D2640845B00B80F5A /* Preview Assets.xcassets in Resources */ = {isa = PBXBuildFile; fileRef = AFF6FC4C2640845B00B80F5A /* Preview Assets.xcassets */; };
		AFF6FC582640845B00B80F5A /* walletTests.swift in Sources */ = {isa = PBXBuildFile; fileRef = AFF6FC572640845B00B80F5A /* walletTests.swift */; };
		AFF6FC632640845B00B80F5A /* walletUITests.swift in Sources */ = {isa = PBXBuildFile; fileRef = AFF6FC622640845B00B80F5A /* walletUITests.swift */; };
		D5B1AE44BC9DD7CC7A292217 /* Pods_wallet_walletUITests.framework in Frameworks */ = {isa = PBXBuildFile; fileRef = 2068530BBA3C960468408EA4 /* Pods_wallet_walletUITests.framework */; };
/* End PBXBuildFile section */

/* Begin PBXContainerItemProxy section */
		AFF6FC542640845B00B80F5A /* PBXContainerItemProxy */ = {
			isa = PBXContainerItemProxy;
			containerPortal = AFF6FC3A2640845900B80F5A /* Project object */;
			proxyType = 1;
			remoteGlobalIDString = AFF6FC412640845900B80F5A;
			remoteInfo = wallet;
		};
		AFF6FC5F2640845B00B80F5A /* PBXContainerItemProxy */ = {
			isa = PBXContainerItemProxy;
			containerPortal = AFF6FC3A2640845900B80F5A /* Project object */;
			proxyType = 1;
			remoteGlobalIDString = AFF6FC412640845900B80F5A;
			remoteInfo = wallet;
		};
/* End PBXContainerItemProxy section */

/* Begin PBXCopyFilesBuildPhase section */
		AF24DF84264868DE0041E2A6 /* Embed Frameworks */ = {
			isa = PBXCopyFilesBuildPhase;
			buildActionMask = 2147483647;
			dstPath = "";
			dstSubfolderSpec = 10;
			files = (
			);
			name = "Embed Frameworks";
			runOnlyForDeploymentPostprocessing = 0;
		};
/* End PBXCopyFilesBuildPhase section */

/* Begin PBXFileReference section */
		072AFC0536BAEF726161A0E2 /* Pods_walletTests.framework */ = {isa = PBXFileReference; explicitFileType = wrapper.framework; includeInIndex = 0; path = Pods_walletTests.framework; sourceTree = BUILT_PRODUCTS_DIR; };
		12F825C92E341798A15A8333 /* Pods-wallet.debug.xcconfig */ = {isa = PBXFileReference; includeInIndex = 1; lastKnownFileType = text.xcconfig; name = "Pods-wallet.debug.xcconfig"; path = "Target Support Files/Pods-wallet/Pods-wallet.debug.xcconfig"; sourceTree = "<group>"; };
		2068530BBA3C960468408EA4 /* Pods_wallet_walletUITests.framework */ = {isa = PBXFileReference; explicitFileType = wrapper.framework; includeInIndex = 0; path = Pods_wallet_walletUITests.framework; sourceTree = BUILT_PRODUCTS_DIR; };
		259096F941DCFDBFF5A3515E /* Pods-walletTests.debug.xcconfig */ = {isa = PBXFileReference; includeInIndex = 1; lastKnownFileType = text.xcconfig; name = "Pods-walletTests.debug.xcconfig"; path = "Target Support Files/Pods-walletTests/Pods-walletTests.debug.xcconfig"; sourceTree = "<group>"; };
		2619664B121F5FCEDD2D779A /* Pods-walletTests.release.xcconfig */ = {isa = PBXFileReference; includeInIndex = 1; lastKnownFileType = text.xcconfig; name = "Pods-walletTests.release.xcconfig"; path = "Target Support Files/Pods-walletTests/Pods-walletTests.release.xcconfig"; sourceTree = "<group>"; };
		4147F1FB5F48DB8F1C7FEFBC /* Pods-wallet-walletUITests.release.xcconfig */ = {isa = PBXFileReference; includeInIndex = 1; lastKnownFileType = text.xcconfig; name = "Pods-wallet-walletUITests.release.xcconfig"; path = "Target Support Files/Pods-wallet-walletUITests/Pods-wallet-walletUITests.release.xcconfig"; sourceTree = "<group>"; };
		4E3F2C077730D5CC18E37146 /* Pods-wallet.release.xcconfig */ = {isa = PBXFileReference; includeInIndex = 1; lastKnownFileType = text.xcconfig; name = "Pods-wallet.release.xcconfig"; path = "Target Support Files/Pods-wallet/Pods-wallet.release.xcconfig"; sourceTree = "<group>"; };
		AF0AF4552642E066007E5202 /* AddressWrapper.swift */ = {isa = PBXFileReference; lastKnownFileType = sourcecode.swift; path = AddressWrapper.swift; sourceTree = "<group>"; };
		AF0AF46026432018007E5202 /* Bech32.swift */ = {isa = PBXFileReference; lastKnownFileType = sourcecode.swift; path = Bech32.swift; sourceTree = "<group>"; };
		AF0AF465264321F0007E5202 /* RIPEMD160.swift */ = {isa = PBXFileReference; lastKnownFileType = sourcecode.swift; path = RIPEMD160.swift; sourceTree = "<group>"; };
		AF61547F264088900070410C /* LoginView.swift */ = {isa = PBXFileReference; lastKnownFileType = sourcecode.swift; path = LoginView.swift; sourceTree = "<group>"; };
		AF615484264089230070410C /* CreateWalletView.swift */ = {isa = PBXFileReference; lastKnownFileType = sourcecode.swift; path = CreateWalletView.swift; sourceTree = "<group>"; };
		AF6154912640898B0070410C /* RecoverWalletView.swift */ = {isa = PBXFileReference; lastKnownFileType = sourcecode.swift; path = RecoverWalletView.swift; sourceTree = "<group>"; };
		AF990C652641650A00DF8730 /* BLS.swift */ = {isa = PBXFileReference; lastKnownFileType = sourcecode.swift; path = BLS.swift; sourceTree = "<group>"; };
		AFAC849C2652CEB20065928F /* UserLoginViewModelTests.swift */ = {isa = PBXFileReference; lastKnownFileType = sourcecode.swift; path = UserLoginViewModelTests.swift; sourceTree = "<group>"; };
		AFAC84A2265309950065928F /* AppErrorException.swift */ = {isa = PBXFileReference; lastKnownFileType = sourcecode.swift; path = AppErrorException.swift; sourceTree = "<group>"; };
		AFAEA2F126598AF80064749F /* Transaction.swift */ = {isa = PBXFileReference; lastKnownFileType = sourcecode.swift; path = Transaction.swift; sourceTree = "<group>"; };
		AFB582872651B49B00E1567C /* KeychainWrapper.swift */ = {isa = PBXFileReference; lastKnownFileType = sourcecode.swift; path = KeychainWrapper.swift; sourceTree = "<group>"; };
		AFB582902651B5E800E1567C /* keychainTests.swift */ = {isa = PBXFileReference; lastKnownFileType = sourcecode.swift; path = keychainTests.swift; sourceTree = "<group>"; };
		AFBFD9D72641E25F004A8D86 /* Mnemonic.swift */ = {isa = PBXFileReference; lastKnownFileType = sourcecode.swift; path = Mnemonic.swift; sourceTree = "<group>"; };
		AFD9E651265AF1DA008BE050 /* APIService.swift */ = {isa = PBXFileReference; lastKnownFileType = sourcecode.swift; path = APIService.swift; sourceTree = "<group>"; };
		AFD9E656265AF2ED008BE050 /* Address.swift */ = {isa = PBXFileReference; lastKnownFileType = sourcecode.swift; path = Address.swift; sourceTree = "<group>"; };
		AFD9E65C265AF6DA008BE050 /* AddressViewModel.swift */ = {isa = PBXFileReference; lastKnownFileType = sourcecode.swift; path = AddressViewModel.swift; sourceTree = "<group>"; };
		AFD9E660265AF9B9008BE050 /* BalanceViewModel.swift */ = {isa = PBXFileReference; lastKnownFileType = sourcecode.swift; path = BalanceViewModel.swift; sourceTree = "<group>"; };
		AFDDB91F2644650E00565346 /* UserLoginViewModel.swift */ = {isa = PBXFileReference; lastKnownFileType = sourcecode.swift; path = UserLoginViewModel.swift; sourceTree = "<group>"; };
		AFDDB9242644677200565346 /* WalletViewModel.swift */ = {isa = PBXFileReference; lastKnownFileType = sourcecode.swift; path = WalletViewModel.swift; sourceTree = "<group>"; };
		AFDDB9312644709100565346 /* DashboardView.swift */ = {isa = PBXFileReference; lastKnownFileType = sourcecode.swift; path = DashboardView.swift; sourceTree = "<group>"; };
		AFDDB9362644772200565346 /* cryptoGraphyTests.swift */ = {isa = PBXFileReference; lastKnownFileType = sourcecode.swift; path = cryptoGraphyTests.swift; sourceTree = "<group>"; };
		AFDDB93B26447FCE00565346 /* extentionTests.swift */ = {isa = PBXFileReference; lastKnownFileType = sourcecode.swift; path = extentionTests.swift; sourceTree = "<group>"; };
		AFDDB9412644800E00565346 /* Ext+Data.swift */ = {isa = PBXFileReference; lastKnownFileType = sourcecode.swift; path = "Ext+Data.swift"; sourceTree = "<group>"; };
		AFDDB95E2644849D00565346 /* MnemonicTests.swift */ = {isa = PBXFileReference; lastKnownFileType = sourcecode.swift; path = MnemonicTests.swift; sourceTree = "<group>"; };
		AFE2BDDD26598DCC00FDD105 /* CBORWrapper.swift */ = {isa = PBXFileReference; lastKnownFileType = sourcecode.swift; path = CBORWrapper.swift; sourceTree = "<group>"; };
		AFE2BDE126598F7000FDD105 /* SendPayload.swift */ = {isa = PBXFileReference; lastKnownFileType = sourcecode.swift; path = SendPayload.swift; sourceTree = "<group>"; };
		AFE2BDE52659908B00FDD105 /* BondPayload.swift */ = {isa = PBXFileReference; lastKnownFileType = sourcecode.swift; path = BondPayload.swift; sourceTree = "<group>"; };
		AFE2BDE92659912A00FDD105 /* SortitionPayload.swift */ = {isa = PBXFileReference; lastKnownFileType = sourcecode.swift; path = SortitionPayload.swift; sourceTree = "<group>"; };
		AFE2BDF32659A02600FDD105 /* NewTransaction.swift */ = {isa = PBXFileReference; lastKnownFileType = sourcecode.swift; path = NewTransaction.swift; sourceTree = "<group>"; };
		AFE2BDFB2659A15400FDD105 /* TransactionViewModel.swift */ = {isa = PBXFileReference; lastKnownFileType = sourcecode.swift; path = TransactionViewModel.swift; sourceTree = "<group>"; };
		AFE5616B265BFD07007E38ED /* BlockChainHeight.swift */ = {isa = PBXFileReference; lastKnownFileType = sourcecode.swift; path = BlockChainHeight.swift; sourceTree = "<group>"; };
		AFE56170265C229D007E38ED /* Block.swift */ = {isa = PBXFileReference; fileEncoding = 4; lastKnownFileType = sourcecode.swift; path = Block.swift; sourceTree = "<group>"; };
		AFE56174265C22A3007E38ED /* Header.swift */ = {isa = PBXFileReference; fileEncoding = 4; lastKnownFileType = sourcecode.swift; path = Header.swift; sourceTree = "<group>"; };
		AFE56178265C22A9007E38ED /* LastCertificate.swift */ = {isa = PBXFileReference; fileEncoding = 4; lastKnownFileType = sourcecode.swift; path = LastCertificate.swift; sourceTree = "<group>"; };
		AFE5617C265C22AE007E38ED /* TxIDs.swift */ = {isa = PBXFileReference; fileEncoding = 4; lastKnownFileType = sourcecode.swift; path = TxIDs.swift; sourceTree = "<group>"; };
		AFE56180265C22C4007E38ED /* BlockChainHash.swift */ = {isa = PBXFileReference; fileEncoding = 4; lastKnownFileType = sourcecode.swift; path = BlockChainHash.swift; sourceTree = "<group>"; };
		AFF6FC422640845900B80F5A /* wallet.app */ = {isa = PBXFileReference; explicitFileType = wrapper.application; includeInIndex = 0; path = wallet.app; sourceTree = BUILT_PRODUCTS_DIR; };
		AFF6FC452640845900B80F5A /* walletApp.swift */ = {isa = PBXFileReference; lastKnownFileType = sourcecode.swift; path = walletApp.swift; sourceTree = "<group>"; };
		AFF6FC472640845900B80F5A /* ContentView.swift */ = {isa = PBXFileReference; lastKnownFileType = sourcecode.swift; path = ContentView.swift; sourceTree = "<group>"; };
		AFF6FC492640845B00B80F5A /* Assets.xcassets */ = {isa = PBXFileReference; lastKnownFileType = folder.assetcatalog; path = Assets.xcassets; sourceTree = "<group>"; };
		AFF6FC4C2640845B00B80F5A /* Preview Assets.xcassets */ = {isa = PBXFileReference; lastKnownFileType = folder.assetcatalog; path = "Preview Assets.xcassets"; sourceTree = "<group>"; };
		AFF6FC4E2640845B00B80F5A /* Info.plist */ = {isa = PBXFileReference; lastKnownFileType = text.plist.xml; path = Info.plist; sourceTree = "<group>"; };
		AFF6FC532640845B00B80F5A /* walletTests.xctest */ = {isa = PBXFileReference; explicitFileType = wrapper.cfbundle; includeInIndex = 0; path = walletTests.xctest; sourceTree = BUILT_PRODUCTS_DIR; };
		AFF6FC572640845B00B80F5A /* walletTests.swift */ = {isa = PBXFileReference; lastKnownFileType = sourcecode.swift; path = walletTests.swift; sourceTree = "<group>"; };
		AFF6FC592640845B00B80F5A /* Info.plist */ = {isa = PBXFileReference; lastKnownFileType = text.plist.xml; path = Info.plist; sourceTree = "<group>"; };
		AFF6FC5E2640845B00B80F5A /* walletUITests.xctest */ = {isa = PBXFileReference; explicitFileType = wrapper.cfbundle; includeInIndex = 0; path = walletUITests.xctest; sourceTree = BUILT_PRODUCTS_DIR; };
		AFF6FC622640845B00B80F5A /* walletUITests.swift */ = {isa = PBXFileReference; lastKnownFileType = sourcecode.swift; path = walletUITests.swift; sourceTree = "<group>"; };
		AFF6FC642640845B00B80F5A /* Info.plist */ = {isa = PBXFileReference; lastKnownFileType = text.plist.xml; path = Info.plist; sourceTree = "<group>"; };
		CD0A94D0AA4C4EF996127FCD /* Pods-wallet-walletUITests.debug.xcconfig */ = {isa = PBXFileReference; includeInIndex = 1; lastKnownFileType = text.xcconfig; name = "Pods-wallet-walletUITests.debug.xcconfig"; path = "Target Support Files/Pods-wallet-walletUITests/Pods-wallet-walletUITests.debug.xcconfig"; sourceTree = "<group>"; };
		F6ECC3636D4794E596A2DAD6 /* Pods_wallet.framework */ = {isa = PBXFileReference; explicitFileType = wrapper.framework; includeInIndex = 0; path = Pods_wallet.framework; sourceTree = BUILT_PRODUCTS_DIR; };
/* End PBXFileReference section */

/* Begin PBXFrameworksBuildPhase section */
		AFF6FC3F2640845900B80F5A /* Frameworks */ = {
			isa = PBXFrameworksBuildPhase;
			buildActionMask = 2147483647;
			files = (
				AF5C50012648819E00D0B7B9 /* bls_framework in Frameworks */,
				83B37A0FE33036275E7AFD00 /* Pods_wallet.framework in Frameworks */,
				AF990C6C26416E5F00DF8730 /* CryptoSwift in Frameworks */,
			);
			runOnlyForDeploymentPostprocessing = 0;
		};
		AFF6FC502640845B00B80F5A /* Frameworks */ = {
			isa = PBXFrameworksBuildPhase;
			buildActionMask = 2147483647;
			files = (
				9B6B1DDCE9D7CA68C84F3EA7 /* Pods_walletTests.framework in Frameworks */,
			);
			runOnlyForDeploymentPostprocessing = 0;
		};
		AFF6FC5B2640845B00B80F5A /* Frameworks */ = {
			isa = PBXFrameworksBuildPhase;
			buildActionMask = 2147483647;
			files = (
				D5B1AE44BC9DD7CC7A292217 /* Pods_wallet_walletUITests.framework in Frameworks */,
			);
			runOnlyForDeploymentPostprocessing = 0;
		};
/* End PBXFrameworksBuildPhase section */

/* Begin PBXGroup section */
		64614A0A00ADA679B03D2E69 /* Pods */ = {
			isa = PBXGroup;
			children = (
				12F825C92E341798A15A8333 /* Pods-wallet.debug.xcconfig */,
				4E3F2C077730D5CC18E37146 /* Pods-wallet.release.xcconfig */,
				CD0A94D0AA4C4EF996127FCD /* Pods-wallet-walletUITests.debug.xcconfig */,
				4147F1FB5F48DB8F1C7FEFBC /* Pods-wallet-walletUITests.release.xcconfig */,
				259096F941DCFDBFF5A3515E /* Pods-walletTests.debug.xcconfig */,
				2619664B121F5FCEDD2D779A /* Pods-walletTests.release.xcconfig */,
			);
			path = Pods;
			sourceTree = "<group>";
		};
		AF615477264087A70070410C /* Views */ = {
			isa = PBXGroup;
			children = (
				AFF6FC472640845900B80F5A /* ContentView.swift */,
				AF61547F264088900070410C /* LoginView.swift */,
				AF615484264089230070410C /* CreateWalletView.swift */,
				AF6154912640898B0070410C /* RecoverWalletView.swift */,
				AFDDB9312644709100565346 /* DashboardView.swift */,
				AFE2BDF32659A02600FDD105 /* NewTransaction.swift */,
			);
			path = Views;
			sourceTree = "<group>";
		};
		AF615479264087BD0070410C /* Services */ = {
			isa = PBXGroup;
			children = (
				AFDDB94026447FFD00565346 /* Ext */,
				AF990C652641650A00DF8730 /* BLS.swift */,
				AFBFD9D72641E25F004A8D86 /* Mnemonic.swift */,
				AF0AF4552642E066007E5202 /* AddressWrapper.swift */,
				AF0AF46026432018007E5202 /* Bech32.swift */,
				AF0AF465264321F0007E5202 /* RIPEMD160.swift */,
				AFB582872651B49B00E1567C /* KeychainWrapper.swift */,
				AFE2BDDD26598DCC00FDD105 /* CBORWrapper.swift */,
				AFD9E651265AF1DA008BE050 /* APIService.swift */,
			);
			path = Services;
			sourceTree = "<group>";
		};
		AF61547A264087C50070410C /* Models */ = {
			isa = PBXGroup;
			children = (
				AFD9E655265AF2DF008BE050 /* API */,
				AFAEA2F026598ADC0064749F /* Transaction */,
			);
			path = Models;
			sourceTree = "<group>";
		};
		AF61547B264087D50070410C /* ViewModels */ = {
			isa = PBXGroup;
			children = (
				AFDDB91F2644650E00565346 /* UserLoginViewModel.swift */,
				AFDDB9242644677200565346 /* WalletViewModel.swift */,
				AFAC84A2265309950065928F /* AppErrorException.swift */,
				AFE2BDFB2659A15400FDD105 /* TransactionViewModel.swift */,
				AFD9E65C265AF6DA008BE050 /* AddressViewModel.swift */,
				AFD9E660265AF9B9008BE050 /* BalanceViewModel.swift */,
			);
			path = ViewModels;
			sourceTree = "<group>";
		};
		AF85DCA526415B3400AAB266 /* Frameworks */ = {
			isa = PBXGroup;
			children = (
				F6ECC3636D4794E596A2DAD6 /* Pods_wallet.framework */,
				2068530BBA3C960468408EA4 /* Pods_wallet_walletUITests.framework */,
				072AFC0536BAEF726161A0E2 /* Pods_walletTests.framework */,
			);
			name = Frameworks;
			sourceTree = "<group>";
		};
		AFAC849B2652CE9D0065928F /* ViewModels */ = {
			isa = PBXGroup;
			children = (
				AFAC849C2652CEB20065928F /* UserLoginViewModelTests.swift */,
			);
			path = ViewModels;
			sourceTree = "<group>";
		};
		AFAEA2F026598ADC0064749F /* Transaction */ = {
			isa = PBXGroup;
			children = (
				AFAEA2F126598AF80064749F /* Transaction.swift */,
				AFE2BDE126598F7000FDD105 /* SendPayload.swift */,
				AFE2BDE52659908B00FDD105 /* BondPayload.swift */,
				AFE2BDE92659912A00FDD105 /* SortitionPayload.swift */,
			);
			path = Transaction;
			sourceTree = "<group>";
		};
		AFD9E655265AF2DF008BE050 /* API */ = {
			isa = PBXGroup;
			children = (
				AFE5616F265C2287007E38ED /* BlockChain */,
				AFD9E656265AF2ED008BE050 /* Address.swift */,
			);
			path = API;
			sourceTree = "<group>";
		};
		AFDDB94026447FFD00565346 /* Ext */ = {
			isa = PBXGroup;
			children = (
				AFDDB9412644800E00565346 /* Ext+Data.swift */,
			);
			path = Ext;
			sourceTree = "<group>";
		};
		AFE5616F265C2287007E38ED /* BlockChain */ = {
			isa = PBXGroup;
			children = (
				AFE56180265C22C4007E38ED /* BlockChainHash.swift */,
				AFE56170265C229D007E38ED /* Block.swift */,
				AFE5616B265BFD07007E38ED /* BlockChainHeight.swift */,
				AFE56174265C22A3007E38ED /* Header.swift */,
				AFE56178265C22A9007E38ED /* LastCertificate.swift */,
				AFE5617C265C22AE007E38ED /* TxIDs.swift */,
			);
			path = BlockChain;
			sourceTree = "<group>";
		};
		AFF6FC392640845900B80F5A = {
			isa = PBXGroup;
			children = (
				AFF6FC442640845900B80F5A /* wallet */,
				AFF6FC562640845B00B80F5A /* walletTests */,
				AFF6FC612640845B00B80F5A /* walletUITests */,
				AFF6FC432640845900B80F5A /* Products */,
				AF85DCA526415B3400AAB266 /* Frameworks */,
				64614A0A00ADA679B03D2E69 /* Pods */,
			);
			sourceTree = "<group>";
		};
		AFF6FC432640845900B80F5A /* Products */ = {
			isa = PBXGroup;
			children = (
				AFF6FC422640845900B80F5A /* wallet.app */,
				AFF6FC532640845B00B80F5A /* walletTests.xctest */,
				AFF6FC5E2640845B00B80F5A /* walletUITests.xctest */,
			);
			name = Products;
			sourceTree = "<group>";
		};
		AFF6FC442640845900B80F5A /* wallet */ = {
			isa = PBXGroup;
			children = (
				AF61547B264087D50070410C /* ViewModels */,
				AF61547A264087C50070410C /* Models */,
				AF615479264087BD0070410C /* Services */,
				AF615477264087A70070410C /* Views */,
				AFF6FC452640845900B80F5A /* walletApp.swift */,
				AFF6FC492640845B00B80F5A /* Assets.xcassets */,
				AFF6FC4E2640845B00B80F5A /* Info.plist */,
				AFF6FC4B2640845B00B80F5A /* Preview Content */,
			);
			path = wallet;
			sourceTree = "<group>";
		};
		AFF6FC4B2640845B00B80F5A /* Preview Content */ = {
			isa = PBXGroup;
			children = (
				AFF6FC4C2640845B00B80F5A /* Preview Assets.xcassets */,
			);
			path = "Preview Content";
			sourceTree = "<group>";
		};
		AFF6FC562640845B00B80F5A /* walletTests */ = {
			isa = PBXGroup;
			children = (
				AFAC849B2652CE9D0065928F /* ViewModels */,
				AFF6FC572640845B00B80F5A /* walletTests.swift */,
				AFF6FC592640845B00B80F5A /* Info.plist */,
				AFDDB9362644772200565346 /* cryptoGraphyTests.swift */,
				AFDDB93B26447FCE00565346 /* extentionTests.swift */,
				AFDDB95E2644849D00565346 /* MnemonicTests.swift */,
				AFB582902651B5E800E1567C /* keychainTests.swift */,
			);
			path = walletTests;
			sourceTree = "<group>";
		};
		AFF6FC612640845B00B80F5A /* walletUITests */ = {
			isa = PBXGroup;
			children = (
				AFF6FC622640845B00B80F5A /* walletUITests.swift */,
				AFF6FC642640845B00B80F5A /* Info.plist */,
			);
			path = walletUITests;
			sourceTree = "<group>";
		};
/* End PBXGroup section */

/* Begin PBXNativeTarget section */
		AFF6FC412640845900B80F5A /* wallet */ = {
			isa = PBXNativeTarget;
			buildConfigurationList = AFF6FC672640845B00B80F5A /* Build configuration list for PBXNativeTarget "wallet" */;
			buildPhases = (
				333064CB80BE9E8032804A17 /* [CP] Check Pods Manifest.lock */,
				AFF6FC3E2640845900B80F5A /* Sources */,
				AFF6FC3F2640845900B80F5A /* Frameworks */,
				AFF6FC402640845900B80F5A /* Resources */,
				5E68EEFA6A51ED2ED8305C24 /* [CP] Embed Pods Frameworks */,
				AF24DF84264868DE0041E2A6 /* Embed Frameworks */,
			);
			buildRules = (
			);
			dependencies = (
			);
			name = wallet;
			packageProductDependencies = (
				AF990C6B26416E5F00DF8730 /* CryptoSwift */,
				AF5C50002648819E00D0B7B9 /* bls_framework */,
			);
			productName = wallet;
			productReference = AFF6FC422640845900B80F5A /* wallet.app */;
			productType = "com.apple.product-type.application";
		};
		AFF6FC522640845B00B80F5A /* walletTests */ = {
			isa = PBXNativeTarget;
			buildConfigurationList = AFF6FC6A2640845B00B80F5A /* Build configuration list for PBXNativeTarget "walletTests" */;
			buildPhases = (
				0CB37CDAAF45A4CF3F27EE80 /* [CP] Check Pods Manifest.lock */,
				AFF6FC4F2640845B00B80F5A /* Sources */,
				AFF6FC502640845B00B80F5A /* Frameworks */,
				AFF6FC512640845B00B80F5A /* Resources */,
			);
			buildRules = (
			);
			dependencies = (
				AFF6FC552640845B00B80F5A /* PBXTargetDependency */,
			);
			name = walletTests;
			productName = walletTests;
			productReference = AFF6FC532640845B00B80F5A /* walletTests.xctest */;
			productType = "com.apple.product-type.bundle.unit-test";
		};
		AFF6FC5D2640845B00B80F5A /* walletUITests */ = {
			isa = PBXNativeTarget;
			buildConfigurationList = AFF6FC6D2640845B00B80F5A /* Build configuration list for PBXNativeTarget "walletUITests" */;
			buildPhases = (
				23B090966CE0E50C39D485F0 /* [CP] Check Pods Manifest.lock */,
				AFF6FC5A2640845B00B80F5A /* Sources */,
				AFF6FC5B2640845B00B80F5A /* Frameworks */,
				AFF6FC5C2640845B00B80F5A /* Resources */,
				886B457904842D7507CF464F /* [CP] Embed Pods Frameworks */,
			);
			buildRules = (
			);
			dependencies = (
				AFF6FC602640845B00B80F5A /* PBXTargetDependency */,
			);
			name = walletUITests;
			productName = walletUITests;
			productReference = AFF6FC5E2640845B00B80F5A /* walletUITests.xctest */;
			productType = "com.apple.product-type.bundle.ui-testing";
		};
/* End PBXNativeTarget section */

/* Begin PBXProject section */
		AFF6FC3A2640845900B80F5A /* Project object */ = {
			isa = PBXProject;
			attributes = {
				LastSwiftUpdateCheck = 1230;
				LastUpgradeCheck = 1230;
				TargetAttributes = {
					AFF6FC412640845900B80F5A = {
						CreatedOnToolsVersion = 12.3;
					};
					AFF6FC522640845B00B80F5A = {
						CreatedOnToolsVersion = 12.3;
						TestTargetID = AFF6FC412640845900B80F5A;
					};
					AFF6FC5D2640845B00B80F5A = {
						CreatedOnToolsVersion = 12.3;
						TestTargetID = AFF6FC412640845900B80F5A;
					};
				};
			};
			buildConfigurationList = AFF6FC3D2640845900B80F5A /* Build configuration list for PBXProject "wallet" */;
			compatibilityVersion = "Xcode 9.3";
			developmentRegion = en;
			hasScannedForEncodings = 0;
			knownRegions = (
				en,
				Base,
			);
			mainGroup = AFF6FC392640845900B80F5A;
			packageReferences = (
				AF990C6A26416E5F00DF8730 /* XCRemoteSwiftPackageReference "CryptoSwift" */,
			);
			productRefGroup = AFF6FC432640845900B80F5A /* Products */;
			projectDirPath = "";
			projectRoot = "";
			targets = (
				AFF6FC412640845900B80F5A /* wallet */,
				AFF6FC522640845B00B80F5A /* walletTests */,
				AFF6FC5D2640845B00B80F5A /* walletUITests */,
			);
		};
/* End PBXProject section */

/* Begin PBXResourcesBuildPhase section */
		AFF6FC402640845900B80F5A /* Resources */ = {
			isa = PBXResourcesBuildPhase;
			buildActionMask = 2147483647;
			files = (
				AFF6FC4D2640845B00B80F5A /* Preview Assets.xcassets in Resources */,
				AFF6FC4A2640845B00B80F5A /* Assets.xcassets in Resources */,
			);
			runOnlyForDeploymentPostprocessing = 0;
		};
		AFF6FC512640845B00B80F5A /* Resources */ = {
			isa = PBXResourcesBuildPhase;
			buildActionMask = 2147483647;
			files = (
			);
			runOnlyForDeploymentPostprocessing = 0;
		};
		AFF6FC5C2640845B00B80F5A /* Resources */ = {
			isa = PBXResourcesBuildPhase;
			buildActionMask = 2147483647;
			files = (
			);
			runOnlyForDeploymentPostprocessing = 0;
		};
/* End PBXResourcesBuildPhase section */

/* Begin PBXShellScriptBuildPhase section */
		0CB37CDAAF45A4CF3F27EE80 /* [CP] Check Pods Manifest.lock */ = {
			isa = PBXShellScriptBuildPhase;
			buildActionMask = 2147483647;
			files = (
			);
			inputFileListPaths = (
			);
			inputPaths = (
				"${PODS_PODFILE_DIR_PATH}/Podfile.lock",
				"${PODS_ROOT}/Manifest.lock",
			);
			name = "[CP] Check Pods Manifest.lock";
			outputFileListPaths = (
			);
			outputPaths = (
				"$(DERIVED_FILE_DIR)/Pods-walletTests-checkManifestLockResult.txt",
			);
			runOnlyForDeploymentPostprocessing = 0;
			shellPath = /bin/sh;
			shellScript = "diff \"${PODS_PODFILE_DIR_PATH}/Podfile.lock\" \"${PODS_ROOT}/Manifest.lock\" > /dev/null\nif [ $? != 0 ] ; then\n    # print error to STDERR\n    echo \"error: The sandbox is not in sync with the Podfile.lock. Run 'pod install' or update your CocoaPods installation.\" >&2\n    exit 1\nfi\n# This output is used by Xcode 'outputs' to avoid re-running this script phase.\necho \"SUCCESS\" > \"${SCRIPT_OUTPUT_FILE_0}\"\n";
			showEnvVarsInLog = 0;
		};
		23B090966CE0E50C39D485F0 /* [CP] Check Pods Manifest.lock */ = {
			isa = PBXShellScriptBuildPhase;
			buildActionMask = 2147483647;
			files = (
			);
			inputFileListPaths = (
			);
			inputPaths = (
				"${PODS_PODFILE_DIR_PATH}/Podfile.lock",
				"${PODS_ROOT}/Manifest.lock",
			);
			name = "[CP] Check Pods Manifest.lock";
			outputFileListPaths = (
			);
			outputPaths = (
				"$(DERIVED_FILE_DIR)/Pods-wallet-walletUITests-checkManifestLockResult.txt",
			);
			runOnlyForDeploymentPostprocessing = 0;
			shellPath = /bin/sh;
			shellScript = "diff \"${PODS_PODFILE_DIR_PATH}/Podfile.lock\" \"${PODS_ROOT}/Manifest.lock\" > /dev/null\nif [ $? != 0 ] ; then\n    # print error to STDERR\n    echo \"error: The sandbox is not in sync with the Podfile.lock. Run 'pod install' or update your CocoaPods installation.\" >&2\n    exit 1\nfi\n# This output is used by Xcode 'outputs' to avoid re-running this script phase.\necho \"SUCCESS\" > \"${SCRIPT_OUTPUT_FILE_0}\"\n";
			showEnvVarsInLog = 0;
		};
		333064CB80BE9E8032804A17 /* [CP] Check Pods Manifest.lock */ = {
			isa = PBXShellScriptBuildPhase;
			buildActionMask = 2147483647;
			files = (
			);
			inputFileListPaths = (
			);
			inputPaths = (
				"${PODS_PODFILE_DIR_PATH}/Podfile.lock",
				"${PODS_ROOT}/Manifest.lock",
			);
			name = "[CP] Check Pods Manifest.lock";
			outputFileListPaths = (
			);
			outputPaths = (
				"$(DERIVED_FILE_DIR)/Pods-wallet-checkManifestLockResult.txt",
			);
			runOnlyForDeploymentPostprocessing = 0;
			shellPath = /bin/sh;
			shellScript = "diff \"${PODS_PODFILE_DIR_PATH}/Podfile.lock\" \"${PODS_ROOT}/Manifest.lock\" > /dev/null\nif [ $? != 0 ] ; then\n    # print error to STDERR\n    echo \"error: The sandbox is not in sync with the Podfile.lock. Run 'pod install' or update your CocoaPods installation.\" >&2\n    exit 1\nfi\n# This output is used by Xcode 'outputs' to avoid re-running this script phase.\necho \"SUCCESS\" > \"${SCRIPT_OUTPUT_FILE_0}\"\n";
			showEnvVarsInLog = 0;
		};
		5E68EEFA6A51ED2ED8305C24 /* [CP] Embed Pods Frameworks */ = {
			isa = PBXShellScriptBuildPhase;
			buildActionMask = 2147483647;
			files = (
			);
			inputFileListPaths = (
				"${PODS_ROOT}/Target Support Files/Pods-wallet/Pods-wallet-frameworks-${CONFIGURATION}-input-files.xcfilelist",
			);
			name = "[CP] Embed Pods Frameworks";
			outputFileListPaths = (
				"${PODS_ROOT}/Target Support Files/Pods-wallet/Pods-wallet-frameworks-${CONFIGURATION}-output-files.xcfilelist",
			);
			runOnlyForDeploymentPostprocessing = 0;
			shellPath = /bin/sh;
			shellScript = "\"${PODS_ROOT}/Target Support Files/Pods-wallet/Pods-wallet-frameworks.sh\"\n";
			showEnvVarsInLog = 0;
		};
		886B457904842D7507CF464F /* [CP] Embed Pods Frameworks */ = {
			isa = PBXShellScriptBuildPhase;
			buildActionMask = 2147483647;
			files = (
			);
			inputFileListPaths = (
				"${PODS_ROOT}/Target Support Files/Pods-wallet-walletUITests/Pods-wallet-walletUITests-frameworks-${CONFIGURATION}-input-files.xcfilelist",
			);
			name = "[CP] Embed Pods Frameworks";
			outputFileListPaths = (
				"${PODS_ROOT}/Target Support Files/Pods-wallet-walletUITests/Pods-wallet-walletUITests-frameworks-${CONFIGURATION}-output-files.xcfilelist",
			);
			runOnlyForDeploymentPostprocessing = 0;
			shellPath = /bin/sh;
			shellScript = "\"${PODS_ROOT}/Target Support Files/Pods-wallet-walletUITests/Pods-wallet-walletUITests-frameworks.sh\"\n";
			showEnvVarsInLog = 0;
		};
/* End PBXShellScriptBuildPhase section */

/* Begin PBXSourcesBuildPhase section */
		AFF6FC3E2640845900B80F5A /* Sources */ = {
			isa = PBXSourcesBuildPhase;
			buildActionMask = 2147483647;
			files = (
				AFE2BDE226598F7000FDD105 /* SendPayload.swift in Sources */,
				AFE2BDE62659908B00FDD105 /* BondPayload.swift in Sources */,
				AFE2BDEA2659912A00FDD105 /* SortitionPayload.swift in Sources */,
				AFD9E661265AF9B9008BE050 /* BalanceViewModel.swift in Sources */,
				AFD9E65D265AF6DA008BE050 /* AddressViewModel.swift in Sources */,
				AF0AF466264321F0007E5202 /* RIPEMD160.swift in Sources */,
				AFDDB9202644650E00565346 /* UserLoginViewModel.swift in Sources */,
				AF615480264088900070410C /* LoginView.swift in Sources */,
				AF990C662641650A00DF8730 /* BLS.swift in Sources */,
				AF615485264089230070410C /* CreateWalletView.swift in Sources */,
				AFE56175265C22A3007E38ED /* Header.swift in Sources */,
				AFF6FC482640845900B80F5A /* ContentView.swift in Sources */,
				AFD9E657265AF2ED008BE050 /* Address.swift in Sources */,
				AFE2BDF42659A02600FDD105 /* NewTransaction.swift in Sources */,
				AFAEA2F226598AF80064749F /* Transaction.swift in Sources */,
				AFBFD9D82641E25F004A8D86 /* Mnemonic.swift in Sources */,
				AFF6FC462640845900B80F5A /* walletApp.swift in Sources */,
				AF0AF4562642E066007E5202 /* AddressWrapper.swift in Sources */,
				AFE5617D265C22AE007E38ED /* TxIDs.swift in Sources */,
				AFB582882651B49B00E1567C /* KeychainWrapper.swift in Sources */,
				AFE56171265C229D007E38ED /* Block.swift in Sources */,
				AFE2BDDE26598DCC00FDD105 /* CBORWrapper.swift in Sources */,
				AFDDB9252644677200565346 /* WalletViewModel.swift in Sources */,
				AFE5616C265BFD07007E38ED /* BlockChainHeight.swift in Sources */,
				AF6154922640898B0070410C /* RecoverWalletView.swift in Sources */,
				AFAC84A3265309950065928F /* AppErrorException.swift in Sources */,
				AFE56181265C22C4007E38ED /* BlockChainHash.swift in Sources */,
				AFE56179265C22A9007E38ED /* LastCertificate.swift in Sources */,
				AFDDB9322644709100565346 /* DashboardView.swift in Sources */,
				AF0AF46126432018007E5202 /* Bech32.swift in Sources */,
				AFDDB9422644800E00565346 /* Ext+Data.swift in Sources */,
				AFD9E652265AF1DA008BE050 /* APIService.swift in Sources */,
				AFE2BDFC2659A15400FDD105 /* TransactionViewModel.swift in Sources */,
			);
			runOnlyForDeploymentPostprocessing = 0;
		};
		AFF6FC4F2640845B00B80F5A /* Sources */ = {
			isa = PBXSourcesBuildPhase;
			buildActionMask = 2147483647;
			files = (
				AFB582912651B5E800E1567C /* keychainTests.swift in Sources */,
				AFDDB93C26447FCE00565346 /* extentionTests.swift in Sources */,
				AFF6FC582640845B00B80F5A /* walletTests.swift in Sources */,
				AFDDB9372644772200565346 /* cryptoGraphyTests.swift in Sources */,
				AFDDB95F2644849D00565346 /* MnemonicTests.swift in Sources */,
				AFAC849D2652CEB20065928F /* UserLoginViewModelTests.swift in Sources */,
			);
			runOnlyForDeploymentPostprocessing = 0;
		};
		AFF6FC5A2640845B00B80F5A /* Sources */ = {
			isa = PBXSourcesBuildPhase;
			buildActionMask = 2147483647;
			files = (
				AFF6FC632640845B00B80F5A /* walletUITests.swift in Sources */,
			);
			runOnlyForDeploymentPostprocessing = 0;
		};
/* End PBXSourcesBuildPhase section */

/* Begin PBXTargetDependency section */
		AFF6FC552640845B00B80F5A /* PBXTargetDependency */ = {
			isa = PBXTargetDependency;
			target = AFF6FC412640845900B80F5A /* wallet */;
			targetProxy = AFF6FC542640845B00B80F5A /* PBXContainerItemProxy */;
		};
		AFF6FC602640845B00B80F5A /* PBXTargetDependency */ = {
			isa = PBXTargetDependency;
			target = AFF6FC412640845900B80F5A /* wallet */;
			targetProxy = AFF6FC5F2640845B00B80F5A /* PBXContainerItemProxy */;
		};
/* End PBXTargetDependency section */

/* Begin XCBuildConfiguration section */
		AFF6FC652640845B00B80F5A /* Debug */ = {
			isa = XCBuildConfiguration;
			buildSettings = {
				ALWAYS_SEARCH_USER_PATHS = NO;
				CLANG_ANALYZER_NONNULL = YES;
				CLANG_ANALYZER_NUMBER_OBJECT_CONVERSION = YES_AGGRESSIVE;
				CLANG_CXX_LANGUAGE_STANDARD = "gnu++14";
				CLANG_CXX_LIBRARY = "libc++";
				CLANG_ENABLE_MODULES = YES;
				CLANG_ENABLE_OBJC_ARC = YES;
				CLANG_ENABLE_OBJC_WEAK = YES;
				CLANG_WARN_BLOCK_CAPTURE_AUTORELEASING = YES;
				CLANG_WARN_BOOL_CONVERSION = YES;
				CLANG_WARN_COMMA = YES;
				CLANG_WARN_CONSTANT_CONVERSION = YES;
				CLANG_WARN_DEPRECATED_OBJC_IMPLEMENTATIONS = YES;
				CLANG_WARN_DIRECT_OBJC_ISA_USAGE = YES_ERROR;
				CLANG_WARN_DOCUMENTATION_COMMENTS = YES;
				CLANG_WARN_EMPTY_BODY = YES;
				CLANG_WARN_ENUM_CONVERSION = YES;
				CLANG_WARN_INFINITE_RECURSION = YES;
				CLANG_WARN_INT_CONVERSION = YES;
				CLANG_WARN_NON_LITERAL_NULL_CONVERSION = YES;
				CLANG_WARN_OBJC_IMPLICIT_RETAIN_SELF = YES;
				CLANG_WARN_OBJC_LITERAL_CONVERSION = YES;
				CLANG_WARN_OBJC_ROOT_CLASS = YES_ERROR;
				CLANG_WARN_QUOTED_INCLUDE_IN_FRAMEWORK_HEADER = YES;
				CLANG_WARN_RANGE_LOOP_ANALYSIS = YES;
				CLANG_WARN_STRICT_PROTOTYPES = YES;
				CLANG_WARN_SUSPICIOUS_MOVE = YES;
				CLANG_WARN_UNGUARDED_AVAILABILITY = YES_AGGRESSIVE;
				CLANG_WARN_UNREACHABLE_CODE = YES;
				CLANG_WARN__DUPLICATE_METHOD_MATCH = YES;
				COPY_PHASE_STRIP = NO;
				DEBUG_INFORMATION_FORMAT = dwarf;
				ENABLE_STRICT_OBJC_MSGSEND = YES;
				ENABLE_TESTABILITY = YES;
				GCC_C_LANGUAGE_STANDARD = gnu11;
				GCC_DYNAMIC_NO_PIC = NO;
				GCC_NO_COMMON_BLOCKS = YES;
				GCC_OPTIMIZATION_LEVEL = 0;
				GCC_PREPROCESSOR_DEFINITIONS = (
					"DEBUG=1",
					"$(inherited)",
				);
				GCC_WARN_64_TO_32_BIT_CONVERSION = YES;
				GCC_WARN_ABOUT_RETURN_TYPE = YES_ERROR;
				GCC_WARN_UNDECLARED_SELECTOR = YES;
				GCC_WARN_UNINITIALIZED_AUTOS = YES_AGGRESSIVE;
				GCC_WARN_UNUSED_FUNCTION = YES;
				GCC_WARN_UNUSED_VARIABLE = YES;
				IPHONEOS_DEPLOYMENT_TARGET = 14.3;
				MTL_ENABLE_DEBUG_INFO = INCLUDE_SOURCE;
				MTL_FAST_MATH = YES;
				ONLY_ACTIVE_ARCH = YES;
				SDKROOT = iphoneos;
				SWIFT_ACTIVE_COMPILATION_CONDITIONS = DEBUG;
				SWIFT_OPTIMIZATION_LEVEL = "-Onone";
			};
			name = Debug;
		};
		AFF6FC662640845B00B80F5A /* Release */ = {
			isa = XCBuildConfiguration;
			buildSettings = {
				ALWAYS_SEARCH_USER_PATHS = NO;
				CLANG_ANALYZER_NONNULL = YES;
				CLANG_ANALYZER_NUMBER_OBJECT_CONVERSION = YES_AGGRESSIVE;
				CLANG_CXX_LANGUAGE_STANDARD = "gnu++14";
				CLANG_CXX_LIBRARY = "libc++";
				CLANG_ENABLE_MODULES = YES;
				CLANG_ENABLE_OBJC_ARC = YES;
				CLANG_ENABLE_OBJC_WEAK = YES;
				CLANG_WARN_BLOCK_CAPTURE_AUTORELEASING = YES;
				CLANG_WARN_BOOL_CONVERSION = YES;
				CLANG_WARN_COMMA = YES;
				CLANG_WARN_CONSTANT_CONVERSION = YES;
				CLANG_WARN_DEPRECATED_OBJC_IMPLEMENTATIONS = YES;
				CLANG_WARN_DIRECT_OBJC_ISA_USAGE = YES_ERROR;
				CLANG_WARN_DOCUMENTATION_COMMENTS = YES;
				CLANG_WARN_EMPTY_BODY = YES;
				CLANG_WARN_ENUM_CONVERSION = YES;
				CLANG_WARN_INFINITE_RECURSION = YES;
				CLANG_WARN_INT_CONVERSION = YES;
				CLANG_WARN_NON_LITERAL_NULL_CONVERSION = YES;
				CLANG_WARN_OBJC_IMPLICIT_RETAIN_SELF = YES;
				CLANG_WARN_OBJC_LITERAL_CONVERSION = YES;
				CLANG_WARN_OBJC_ROOT_CLASS = YES_ERROR;
				CLANG_WARN_QUOTED_INCLUDE_IN_FRAMEWORK_HEADER = YES;
				CLANG_WARN_RANGE_LOOP_ANALYSIS = YES;
				CLANG_WARN_STRICT_PROTOTYPES = YES;
				CLANG_WARN_SUSPICIOUS_MOVE = YES;
				CLANG_WARN_UNGUARDED_AVAILABILITY = YES_AGGRESSIVE;
				CLANG_WARN_UNREACHABLE_CODE = YES;
				CLANG_WARN__DUPLICATE_METHOD_MATCH = YES;
				COPY_PHASE_STRIP = NO;
				DEBUG_INFORMATION_FORMAT = "dwarf-with-dsym";
				ENABLE_NS_ASSERTIONS = NO;
				ENABLE_STRICT_OBJC_MSGSEND = YES;
				GCC_C_LANGUAGE_STANDARD = gnu11;
				GCC_NO_COMMON_BLOCKS = YES;
				GCC_WARN_64_TO_32_BIT_CONVERSION = YES;
				GCC_WARN_ABOUT_RETURN_TYPE = YES_ERROR;
				GCC_WARN_UNDECLARED_SELECTOR = YES;
				GCC_WARN_UNINITIALIZED_AUTOS = YES_AGGRESSIVE;
				GCC_WARN_UNUSED_FUNCTION = YES;
				GCC_WARN_UNUSED_VARIABLE = YES;
				IPHONEOS_DEPLOYMENT_TARGET = 14.3;
				MTL_ENABLE_DEBUG_INFO = NO;
				MTL_FAST_MATH = YES;
				SDKROOT = iphoneos;
				SWIFT_COMPILATION_MODE = wholemodule;
				SWIFT_OPTIMIZATION_LEVEL = "-O";
				VALIDATE_PRODUCT = YES;
			};
			name = Release;
		};
		AFF6FC682640845B00B80F5A /* Debug */ = {
			isa = XCBuildConfiguration;
			baseConfigurationReference = 12F825C92E341798A15A8333 /* Pods-wallet.debug.xcconfig */;
			buildSettings = {
				ASSETCATALOG_COMPILER_APPICON_NAME = AppIcon;
				ASSETCATALOG_COMPILER_GLOBAL_ACCENT_COLOR_NAME = AccentColor;
				CODE_SIGN_STYLE = Automatic;
				DEVELOPMENT_ASSET_PATHS = "\"wallet/Preview Content\"";
				DEVELOPMENT_TEAM = L634MQB9CR;
				ENABLE_PREVIEWS = YES;
				FRAMEWORK_SEARCH_PATHS = (
					"$(inherited)",
					"$(PROJECT_DIR)",
					"$(PROJECT_DIR)/ios-arm64_x86_64-simulator",
				);
				INFOPLIST_FILE = wallet/Info.plist;
				IPHONEOS_DEPLOYMENT_TARGET = 14.0;
				LD_RUNPATH_SEARCH_PATHS = (
					"$(inherited)",
					"@executable_path/Frameworks",
				);
				PRODUCT_BUNDLE_IDENTIFIER = zarb.network.wallet;
				PRODUCT_NAME = "$(TARGET_NAME)";
				SWIFT_VERSION = 5.0;
				TARGETED_DEVICE_FAMILY = "1,2";
				VALIDATE_WORKSPACE = NO;
			};
			name = Debug;
		};
		AFF6FC692640845B00B80F5A /* Release */ = {
			isa = XCBuildConfiguration;
			baseConfigurationReference = 4E3F2C077730D5CC18E37146 /* Pods-wallet.release.xcconfig */;
			buildSettings = {
				ASSETCATALOG_COMPILER_APPICON_NAME = AppIcon;
				ASSETCATALOG_COMPILER_GLOBAL_ACCENT_COLOR_NAME = AccentColor;
				CODE_SIGN_STYLE = Automatic;
				DEVELOPMENT_ASSET_PATHS = "\"wallet/Preview Content\"";
				DEVELOPMENT_TEAM = L634MQB9CR;
				ENABLE_PREVIEWS = YES;
				FRAMEWORK_SEARCH_PATHS = (
					"$(inherited)",
					"$(PROJECT_DIR)",
					"$(PROJECT_DIR)/ios-arm64_x86_64-simulator",
				);
				INFOPLIST_FILE = wallet/Info.plist;
				IPHONEOS_DEPLOYMENT_TARGET = 14.0;
				LD_RUNPATH_SEARCH_PATHS = (
					"$(inherited)",
					"@executable_path/Frameworks",
				);
				PRODUCT_BUNDLE_IDENTIFIER = zarb.network.wallet;
				PRODUCT_NAME = "$(TARGET_NAME)";
				SWIFT_VERSION = 5.0;
				TARGETED_DEVICE_FAMILY = "1,2";
				VALIDATE_WORKSPACE = NO;
			};
			name = Release;
		};
		AFF6FC6B2640845B00B80F5A /* Debug */ = {
			isa = XCBuildConfiguration;
			baseConfigurationReference = 259096F941DCFDBFF5A3515E /* Pods-walletTests.debug.xcconfig */;
			buildSettings = {
				ALWAYS_EMBED_SWIFT_STANDARD_LIBRARIES = YES;
				BUNDLE_LOADER = "$(TEST_HOST)";
				"CODE_SIGN_IDENTITY[sdk=macosx*]" = "-";
				CODE_SIGN_STYLE = Automatic;
				DEVELOPMENT_TEAM = L634MQB9CR;
				INFOPLIST_FILE = walletTests/Info.plist;
				IPHONEOS_DEPLOYMENT_TARGET = 14.0;
				LD_RUNPATH_SEARCH_PATHS = (
					"$(inherited)",
					"@executable_path/Frameworks",
					"@loader_path/Frameworks",
				);
				PRODUCT_BUNDLE_IDENTIFIER = zarb.network.walletTests;
				PRODUCT_NAME = "$(TARGET_NAME)";
				SWIFT_VERSION = 5.0;
				TARGETED_DEVICE_FAMILY = "1,2";
				TEST_HOST = "$(BUILT_PRODUCTS_DIR)/wallet.app/wallet";
			};
			name = Debug;
		};
		AFF6FC6C2640845B00B80F5A /* Release */ = {
			isa = XCBuildConfiguration;
			baseConfigurationReference = 2619664B121F5FCEDD2D779A /* Pods-walletTests.release.xcconfig */;
			buildSettings = {
				ALWAYS_EMBED_SWIFT_STANDARD_LIBRARIES = YES;
				BUNDLE_LOADER = "$(TEST_HOST)";
				"CODE_SIGN_IDENTITY[sdk=macosx*]" = "-";
				CODE_SIGN_STYLE = Automatic;
				DEVELOPMENT_TEAM = L634MQB9CR;
				INFOPLIST_FILE = walletTests/Info.plist;
				IPHONEOS_DEPLOYMENT_TARGET = 14.0;
				LD_RUNPATH_SEARCH_PATHS = (
					"$(inherited)",
					"@executable_path/Frameworks",
					"@loader_path/Frameworks",
				);
				PRODUCT_BUNDLE_IDENTIFIER = zarb.network.walletTests;
				PRODUCT_NAME = "$(TARGET_NAME)";
				SWIFT_VERSION = 5.0;
				TARGETED_DEVICE_FAMILY = "1,2";
				TEST_HOST = "$(BUILT_PRODUCTS_DIR)/wallet.app/wallet";
			};
			name = Release;
		};
		AFF6FC6E2640845B00B80F5A /* Debug */ = {
			isa = XCBuildConfiguration;
			baseConfigurationReference = CD0A94D0AA4C4EF996127FCD /* Pods-wallet-walletUITests.debug.xcconfig */;
			buildSettings = {
				ALWAYS_EMBED_SWIFT_STANDARD_LIBRARIES = YES;
				CODE_SIGN_STYLE = Automatic;
				DEVELOPMENT_TEAM = L634MQB9CR;
				INFOPLIST_FILE = walletUITests/Info.plist;
				LD_RUNPATH_SEARCH_PATHS = (
					"$(inherited)",
					"@executable_path/Frameworks",
					"@loader_path/Frameworks",
				);
				PRODUCT_BUNDLE_IDENTIFIER = zarb.network.walletUITests;
				PRODUCT_NAME = "$(TARGET_NAME)";
				SWIFT_VERSION = 5.0;
				TARGETED_DEVICE_FAMILY = "1,2";
				TEST_TARGET_NAME = wallet;
			};
			name = Debug;
		};
		AFF6FC6F2640845B00B80F5A /* Release */ = {
			isa = XCBuildConfiguration;
			baseConfigurationReference = 4147F1FB5F48DB8F1C7FEFBC /* Pods-wallet-walletUITests.release.xcconfig */;
			buildSettings = {
				ALWAYS_EMBED_SWIFT_STANDARD_LIBRARIES = YES;
				CODE_SIGN_STYLE = Automatic;
				DEVELOPMENT_TEAM = L634MQB9CR;
				INFOPLIST_FILE = walletUITests/Info.plist;
				LD_RUNPATH_SEARCH_PATHS = (
					"$(inherited)",
					"@executable_path/Frameworks",
					"@loader_path/Frameworks",
				);
				PRODUCT_BUNDLE_IDENTIFIER = zarb.network.walletUITests;
				PRODUCT_NAME = "$(TARGET_NAME)";
				SWIFT_VERSION = 5.0;
				TARGETED_DEVICE_FAMILY = "1,2";
				TEST_TARGET_NAME = wallet;
			};
			name = Release;
		};
/* End XCBuildConfiguration section */

/* Begin XCConfigurationList section */
		AFF6FC3D2640845900B80F5A /* Build configuration list for PBXProject "wallet" */ = {
			isa = XCConfigurationList;
			buildConfigurations = (
				AFF6FC652640845B00B80F5A /* Debug */,
				AFF6FC662640845B00B80F5A /* Release */,
			);
			defaultConfigurationIsVisible = 0;
			defaultConfigurationName = Release;
		};
		AFF6FC672640845B00B80F5A /* Build configuration list for PBXNativeTarget "wallet" */ = {
			isa = XCConfigurationList;
			buildConfigurations = (
				AFF6FC682640845B00B80F5A /* Debug */,
				AFF6FC692640845B00B80F5A /* Release */,
			);
			defaultConfigurationIsVisible = 0;
			defaultConfigurationName = Release;
		};
		AFF6FC6A2640845B00B80F5A /* Build configuration list for PBXNativeTarget "walletTests" */ = {
			isa = XCConfigurationList;
			buildConfigurations = (
				AFF6FC6B2640845B00B80F5A /* Debug */,
				AFF6FC6C2640845B00B80F5A /* Release */,
			);
			defaultConfigurationIsVisible = 0;
			defaultConfigurationName = Release;
		};
		AFF6FC6D2640845B00B80F5A /* Build configuration list for PBXNativeTarget "walletUITests" */ = {
			isa = XCConfigurationList;
			buildConfigurations = (
				AFF6FC6E2640845B00B80F5A /* Debug */,
				AFF6FC6F2640845B00B80F5A /* Release */,
			);
			defaultConfigurationIsVisible = 0;
			defaultConfigurationName = Release;
		};
/* End XCConfigurationList section */

/* Begin XCRemoteSwiftPackageReference section */
		AF990C6A26416E5F00DF8730 /* XCRemoteSwiftPackageReference "CryptoSwift" */ = {
			isa = XCRemoteSwiftPackageReference;
			repositoryURL = "https://github.com/krzyzanowskim/CryptoSwift.git";
			requirement = {
				kind = upToNextMajorVersion;
				minimumVersion = 1.4.0;
			};
		};
/* End XCRemoteSwiftPackageReference section */

/* Begin XCSwiftPackageProductDependency section */
		AF5C50002648819E00D0B7B9 /* bls_framework */ = {
			isa = XCSwiftPackageProductDependency;
			productName = bls_framework;
		};
		AF990C6B26416E5F00DF8730 /* CryptoSwift */ = {
			isa = XCSwiftPackageProductDependency;
			package = AF990C6A26416E5F00DF8730 /* XCRemoteSwiftPackageReference "CryptoSwift" */;
			productName = CryptoSwift;
		};
/* End XCSwiftPackageProductDependency section */
	};
	rootObject = AFF6FC3A2640845900B80F5A /* Project object */;
}
