PODS:
  - BIP39 (1.0.0)
  - CBOR (0.2.0)
  - SwiftKeychainWrapper (4.0.1)

DEPENDENCIES:
  - BIP39
  - CBOR (~> 0.2)
  - SwiftKeychainWrapper

SPEC REPOS:
  trunk:
    - BIP39
    - CBOR
    - SwiftKeychainWrapper

SPEC CHECKSUMS:
  BIP39: 77b2205e0e79a61ae251a33fd2f38d02ed935728
  CBOR: f1117a073b831a9a55afefe36f4e29fb258571cb
  SwiftKeychainWrapper: 807ba1d63c33a7d0613288512399cd1eda1e470c

PODFILE CHECKSUM: fc1cd5929b6c38665628f576d4775cc28e752766

COCOAPODS: 1.10.1
